<?xml version="1.0" encoding="utf-8"?>
<Project ToolsVersion="4.0" xmlns="http://schemas.microsoft.com/developer/msbuild/2003">
  <ItemGroup>
    <Filter Include="Effect">
      <UniqueIdentifier>{e810461d-6659-4b9e-8625-0282ab3fbcfe}</UniqueIdentifier>
    </Filter>
    <Filter Include="Manager">
      <UniqueIdentifier>{785bd51b-1565-4aec-9b26-6c3da5e997e1}</UniqueIdentifier>
    </Filter>
    <Filter Include="ObjectMove">
      <UniqueIdentifier>{a339a58d-8433-4e17-bf6e-cfdb8bb4b466}</UniqueIdentifier>
    </Filter>
    <Filter Include="Stage">
      <UniqueIdentifier>{9afb8b96-7ae1-4662-8c59-dbe982726eba}</UniqueIdentifier>
    </Filter>
    <Filter Include="StagePrivate">
      <UniqueIdentifier>{8cafc156-fa51-43dd-975c-ea1277f3a505}</UniqueIdentifier>
    </Filter>
    <Filter Include="State">
      <UniqueIdentifier>{900b3316-2f08-4bb7-812b-629479593fcd}</UniqueIdentifier>
    </Filter>
    <Filter Include="System">
      <UniqueIdentifier>{f0da64f7-f5b7-4177-a743-022863675af8}</UniqueIdentifier>
    </Filter>
    <Filter Include="Tools">
      <UniqueIdentifier>{4b2be4f2-97fb-42df-9d8c-b720f2025515}</UniqueIdentifier>
    </Filter>
    <Filter Include="UI">
      <UniqueIdentifier>{5e936a43-9e49-41a1-b0b4-5388a5ea29c4}</UniqueIdentifier>
    </Filter>
    <Filter Include="ObjectNotMove">
      <UniqueIdentifier>{f6b1f275-82a8-4677-be23-172691801f85}</UniqueIdentifier>
    </Filter>
  </ItemGroup>
  <ItemGroup>
    <ClInclude Include="$(MSBuildThisFileDirectory)Project.h">
      <Filter>Tools</Filter>
    </ClInclude>
    <ClInclude Include="$(MSBuildThisFileDirectory)GameStage.h">
      <Filter>Stage</Filter>
    </ClInclude>
    <ClInclude Include="$(MSBuildThisFileDirectory)Scene.h">
      <Filter>System</Filter>
    </ClInclude>
    <ClInclude Include="$(MSBuildThisFileDirectory)Player.h">
      <Filter>ObjectMove</Filter>
    </ClInclude>
    <ClInclude Include="$(MSBuildThisFileDirectory)StageAbe.h">
      <Filter>StagePrivate</Filter>
    </ClInclude>
    <ClInclude Include="$(MSBuildThisFileDirectory)StageSanpei.h">
      <Filter>StagePrivate</Filter>
    </ClInclude>
    <ClInclude Include="$(MSBuildThisFileDirectory)StageSato.h">
      <Filter>StagePrivate</Filter>
    </ClInclude>
    <ClInclude Include="$(MSBuildThisFileDirectory)StageTuboi.h">
      <Filter>StagePrivate</Filter>
    </ClInclude>
    <ClInclude Include="$(MSBuildThisFileDirectory)ObjectMove.h">
      <Filter>ObjectMove</Filter>
    </ClInclude>
    <ClInclude Include="$(MSBuildThisFileDirectory)Actor.h">
      <Filter>ObjectMove</Filter>
    </ClInclude>
    <ClInclude Include="$(MSBuildThisFileDirectory)Enemy.h">
      <Filter>ObjectMove</Filter>
    </ClInclude>
    <ClInclude Include="$(MSBuildThisFileDirectory)CameraManager.h">
      <Filter>Manager</Filter>
    </ClInclude>
    <ClInclude Include="$(MSBuildThisFileDirectory)AttackCollision.h">
      <Filter>ObjectMove</Filter>
    </ClInclude>
    <ClInclude Include="$(MSBuildThisFileDirectory)State.h">
      <Filter>State</Filter>
    </ClInclude>
    <ClInclude Include="$(MSBuildThisFileDirectory)LandDetect.h">
      <Filter>ObjectMove</Filter>
    </ClInclude>
    <ClInclude Include="$(MSBuildThisFileDirectory)EnemyManager.h">
      <Filter>Manager</Filter>
    </ClInclude>
    <ClInclude Include="$(MSBuildThisFileDirectory)Character.h">
      <Filter>System</Filter>
    </ClInclude>
    <ClInclude Include="$(MSBuildThisFileDirectory)ProjectBehavior.h">
      <Filter>System</Filter>
    </ClInclude>
    <ClInclude Include="$(MSBuildThisFileDirectory)ProjectShader.h">
      <Filter>System</Filter>
    </ClInclude>
    <ClInclude Include="$(MSBuildThisFileDirectory)EffectManager.h">
      <Filter>Manager</Filter>
    </ClInclude>
    <ClInclude Include="$(MSBuildThisFileDirectory)Ground.h">
      <Filter>ObjectNotMove</Filter>
    </ClInclude>
    <ClInclude Include="$(MSBuildThisFileDirectory)MyGameObject.h">
      <Filter>ObjectNotMove</Filter>
    </ClInclude>
    <ClInclude Include="$(MSBuildThisFileDirectory)ObjectNotMove.h">
      <Filter>ObjectNotMove</Filter>
    </ClInclude>
    <ClInclude Include="$(MSBuildThisFileDirectory)Sprite.h">
      <Filter>UI</Filter>
    </ClInclude>
    <ClInclude Include="$(MSBuildThisFileDirectory)WaveStage.h">
      <Filter>Stage</Filter>
    </ClInclude>
    <ClInclude Include="$(MSBuildThisFileDirectory)EnemyState.h">
      <Filter>State</Filter>
    </ClInclude>
    <ClInclude Include="$(MSBuildThisFileDirectory)BillBoard.h">
      <Filter>ObjectNotMove</Filter>
    </ClInclude>
    <ClInclude Include="$(MSBuildThisFileDirectory)PlayerState.h">
      <Filter>State</Filter>
    </ClInclude>
    <ClInclude Include="$(MSBuildThisFileDirectory)GameClearScene.h">
      <Filter>Stage</Filter>
    </ClInclude>
    <ClInclude Include="$(MSBuildThisFileDirectory)GameOverScene.h">
      <Filter>Stage</Filter>
    </ClInclude>
    <ClInclude Include="$(MSBuildThisFileDirectory)PlayerUI.h">
      <Filter>UI</Filter>
    </ClInclude>
    <ClInclude Include="$(MSBuildThisFileDirectory)StageCollisionController.h">
      <Filter>Manager</Filter>
    </ClInclude>
    <ClInclude Include="$(MSBuildThisFileDirectory)TitleStage.h">
      <Filter>Stage</Filter>
    </ClInclude>
    <ClInclude Include="$(MSBuildThisFileDirectory)StageSelect.h">
      <Filter>Stage</Filter>
    </ClInclude>
    <ClInclude Include="$(MSBuildThisFileDirectory)PauseUI.h">
      <Filter>UI</Filter>
    </ClInclude>
    <ClInclude Include="$(MSBuildThisFileDirectory)EnemyUI.h">
      <Filter>UI</Filter>
    </ClInclude>
    <ClInclude Include="$(MSBuildThisFileDirectory)ZakoState.h">
      <Filter>State</Filter>
    </ClInclude>
  </ItemGroup>
  <ItemGroup>
    <ClCompile Include="$(MSBuildThisFileDirectory)CameraManager.cpp">
      <Filter>Manager</Filter>
    </ClCompile>
    <ClCompile Include="$(MSBuildThisFileDirectory)EnemyManager.cpp">
      <Filter>Manager</Filter>
    </ClCompile>
    <ClCompile Include="$(MSBuildThisFileDirectory)Actor.cpp">
      <Filter>ObjectMove</Filter>
    </ClCompile>
    <ClCompile Include="$(MSBuildThisFileDirectory)AttackCollision.cpp">
      <Filter>ObjectMove</Filter>
    </ClCompile>
    <ClCompile Include="$(MSBuildThisFileDirectory)Enemy.cpp">
      <Filter>ObjectMove</Filter>
    </ClCompile>
    <ClCompile Include="$(MSBuildThisFileDirectory)LandDetect.cpp">
      <Filter>ObjectMove</Filter>
    </ClCompile>
    <ClCompile Include="$(MSBuildThisFileDirectory)ObjectMove.cpp">
      <Filter>ObjectMove</Filter>
    </ClCompile>
    <ClCompile Include="$(MSBuildThisFileDirectory)Player.cpp">
      <Filter>ObjectMove</Filter>
    </ClCompile>
    <ClCompile Include="$(MSBuildThisFileDirectory)Ground.cpp">
      <Filter>ObjectNotMove</Filter>
    </ClCompile>
    <ClCompile Include="$(MSBuildThisFileDirectory)MyGameObject.cpp">
      <Filter>ObjectNotMove</Filter>
    </ClCompile>
    <ClCompile Include="$(MSBuildThisFileDirectory)ObjectNotMove.cpp">
      <Filter>ObjectNotMove</Filter>
    </ClCompile>
    <ClCompile Include="$(MSBuildThisFileDirectory)GameStage.cpp">
      <Filter>Stage</Filter>
    </ClCompile>
    <ClCompile Include="$(MSBuildThisFileDirectory)Scene.cpp">
      <Filter>System</Filter>
    </ClCompile>
    <ClCompile Include="$(MSBuildThisFileDirectory)WinMain.cpp">
      <Filter>System</Filter>
    </ClCompile>
    <ClCompile Include="$(MSBuildThisFileDirectory)State.cpp">
      <Filter>State</Filter>
    </ClCompile>
    <ClCompile Include="$(MSBuildThisFileDirectory)StageAbe.cpp">
      <Filter>StagePrivate</Filter>
    </ClCompile>
    <ClCompile Include="$(MSBuildThisFileDirectory)StageSanpei.cpp">
      <Filter>StagePrivate</Filter>
    </ClCompile>
    <ClCompile Include="$(MSBuildThisFileDirectory)StageSato.cpp">
      <Filter>StagePrivate</Filter>
    </ClCompile>
    <ClCompile Include="$(MSBuildThisFileDirectory)StageTuboi.cpp">
      <Filter>StagePrivate</Filter>
    </ClCompile>
    <ClCompile Include="$(MSBuildThisFileDirectory)EffectManager.cpp">
      <Filter>Manager</Filter>
    </ClCompile>
    <ClCompile Include="$(MSBuildThisFileDirectory)Sprite.cpp">
      <Filter>UI</Filter>
    </ClCompile>
    <ClCompile Include="$(MSBuildThisFileDirectory)WaveStage.cpp">
      <Filter>Stage</Filter>
    </ClCompile>
    <ClCompile Include="$(MSBuildThisFileDirectory)EnemyState.cpp">
      <Filter>State</Filter>
    </ClCompile>
    <ClCompile Include="$(MSBuildThisFileDirectory)BillBoard.cpp">
      <Filter>ObjectNotMove</Filter>
    </ClCompile>
    <ClCompile Include="$(MSBuildThisFileDirectory)PlayerState.cpp">
      <Filter>State</Filter>
    </ClCompile>
    <ClCompile Include="$(MSBuildThisFileDirectory)GameClearScene.cpp">
      <Filter>Stage</Filter>
    </ClCompile>
    <ClCompile Include="$(MSBuildThisFileDirectory)GameOverScene.cpp">
      <Filter>Stage</Filter>
    </ClCompile>
    <ClCompile Include="$(MSBuildThisFileDirectory)PlayerUI.cpp">
      <Filter>UI</Filter>
    </ClCompile>
    <ClCompile Include="$(MSBuildThisFileDirectory)StageCollisionController.cpp">
      <Filter>Manager</Filter>
    </ClCompile>
    <ClCompile Include="$(MSBuildThisFileDirectory)TitleStage.cpp">
      <Filter>Stage</Filter>
    </ClCompile>
    <ClCompile Include="$(MSBuildThisFileDirectory)StageSelect.cpp">
      <Filter>Stage</Filter>
    </ClCompile>
    <ClCompile Include="$(MSBuildThisFileDirectory)PauseUI.cpp">
      <Filter>UI</Filter>
    </ClCompile>
    <ClCompile Include="$(MSBuildThisFileDirectory)EnemyUI.cpp">
      <Filter>UI</Filter>
    </ClCompile>
    <ClCompile Include="$(MSBuildThisFileDirectory)ZakoState.cpp">
      <Filter>State</Filter>
    </ClCompile>
  </ItemGroup>
</Project>